// !$*UTF8*$!
{
	archiveVersion = 1;
	classes = {
	};
	objectVersion = 46;
	objects = {

/* Begin PBXBuildFile section */
		0207DA581B56EA530066E2B4 /* Images.xcassets in Resources */ = {isa = PBXBuildFile; fileRef = 0207DA571B56EA530066E2B4 /* Images.xcassets */; };
		143D4A1B2A1D461E9318DAE5 /* MessageUI.framework in Frameworks */ = {isa = PBXBuildFile; fileRef = 1F0E6B1DAB974967AFE7CBD5 /* MessageUI.framework */; settings = {ATTRIBUTES = (Weak, ); }; };
		15DE772706B4480AA5643A5E /* AudioToolbox.framework in Frameworks */ = {isa = PBXBuildFile; fileRef = 6C1FEF21C2A44A5FAB115C89 /* AudioToolbox.framework */; settings = {ATTRIBUTES = (Weak, ); }; };
		1A70FB9FFAC144DA88D80EF5 /* CDVAssetLibraryFilesystem.m in Sources */ = {isa = PBXBuildFile; fileRef = B50D0B3B5D434E0A96AC9E74 /* CDVAssetLibraryFilesystem.m */; };
		1D3623260D0F684500981E51 /* AppDelegate.m in Sources */ = {isa = PBXBuildFile; fileRef = 1D3623250D0F684500981E51 /* AppDelegate.m */; };
		1D60589B0D05DD56006BFB54 /* main.m in Sources */ = {isa = PBXBuildFile; fileRef = 29B97316FDCFA39411CA2CEA /* main.m */; };
		301BF552109A68D80062928A /* libCordova.a in Frameworks */ = {isa = PBXBuildFile; fileRef = 301BF535109A57CC0062928A /* libCordova.a */; settings = {ATTRIBUTES = (Required, ); }; };
		302D95F114D2391D003F00A1 /* MainViewController.m in Sources */ = {isa = PBXBuildFile; fileRef = 302D95EF14D2391D003F00A1 /* MainViewController.m */; };
		302D95F214D2391D003F00A1 /* MainViewController.xib in Resources */ = {isa = PBXBuildFile; fileRef = 302D95F014D2391D003F00A1 /* MainViewController.xib */; };
		37AAE0B7D99F3A42227E079D /* libPods-Sime Darby Community.a in Frameworks */ = {isa = PBXBuildFile; fileRef = 1520E65B29997D3F7A9D95DD /* libPods-Sime Darby Community.a */; };
		3DBDE095E9D447B48666358E /* CoreLocation.framework in Frameworks */ = {isa = PBXBuildFile; fileRef = C1394664FEA84D9FABDF77E1 /* CoreLocation.framework */; };
		3FD0C8915E834215B096DFE1 /* SafariViewController.m in Sources */ = {isa = PBXBuildFile; fileRef = 12E220FF6A17421CBDE32DF4 /* SafariViewController.m */; };
		4410F972D10944378C0DF620 /* CDVLocalFilesystem.m in Sources */ = {isa = PBXBuildFile; fileRef = C19D2891492C4AA9B5CA7361 /* CDVLocalFilesystem.m */; };
		452A254B8F24429D982AE6C3 /* CDVVibration.m in Sources */ = {isa = PBXBuildFile; fileRef = A58F968269704AE6B110CB21 /* CDVVibration.m */; };
		4E15D2F340604989801459AC /* PushKit.framework in Frameworks */ = {isa = PBXBuildFile; fileRef = 3221C0CF01F94173B52856BF /* PushKit.framework */; };
		4E8CEAA3903F4009A19E603D /* AddressBookUI.framework in Frameworks */ = {isa = PBXBuildFile; fileRef = 308086CFDD0F40B5B6D11B20 /* AddressBookUI.framework */; settings = {ATTRIBUTES = (Weak, ); }; };
		4EB642F6B1314BDB82243BFC /* AddressBook.framework in Frameworks */ = {isa = PBXBuildFile; fileRef = E75F21ED35A8463AADC9538D /* AddressBook.framework */; settings = {ATTRIBUTES = (Weak, ); }; };
		5E0944830601415DB9258FF1 /* CDVSound.m in Sources */ = {isa = PBXBuildFile; fileRef = 93E3C18272ED4590A27384FD /* CDVSound.m */; };
		6AFF5BF91D6E424B00AB3073 /* CDVLaunchScreen.storyboard in Resources */ = {isa = PBXBuildFile; fileRef = 6AFF5BF81D6E424B00AB3073 /* CDVLaunchScreen.storyboard */; };
		6C0D96D927B4F507007385EC /* GoogleService-Info.plist in Resources */ = {isa = PBXBuildFile; fileRef = 6C0D96D827B4F507007385EC /* GoogleService-Info.plist */; };
		6D051DF8D3E541128F0414CD /* CDVContactsPhoneNumbers.m in Sources */ = {isa = PBXBuildFile; fileRef = A5750564387E494095AAC678 /* CDVContactsPhoneNumbers.m */; };
		6D8EABBF238F418EA59B4A74 /* CDVJpegHeaderWriter.m in Sources */ = {isa = PBXBuildFile; fileRef = 5EA201E3C37A453885BCDF4E /* CDVJpegHeaderWriter.m */; };
		757A772B2B714715B6FF71E7 /* CDVCamera.m in Sources */ = {isa = PBXBuildFile; fileRef = E12EEF6AC0344BA8B17CB32D /* CDVCamera.m */; };
		7BC11FD8FC2B4BDC8EB57C13 /* UIImage+CropScaleOrientation.m in Sources */ = {isa = PBXBuildFile; fileRef = 4248F4B845A7405FAE5EB823 /* UIImage+CropScaleOrientation.m */; };
		7E18CE550B504A9A9E0E8AAA /* AppDelegate+notification.m in Sources */ = {isa = PBXBuildFile; fileRef = 23AE3704646D49CD81C4948A /* AppDelegate+notification.m */; };
		81D8B7F107B848DA900DC910 /* WebKit.framework in Frameworks */ = {isa = PBXBuildFile; fileRef = C7BB0DD068DC4E50BCD6919B /* WebKit.framework */; settings = {ATTRIBUTES = (Weak, ); }; };
		87401E7567204FEBBF208A35 /* CDVInAppBrowser.m in Sources */ = {isa = PBXBuildFile; fileRef = C3BDCB2E222148E2A911EF30 /* CDVInAppBrowser.m */; };
		887825CBE4054F2D864A1B0D /* Screenshot.m in Sources */ = {isa = PBXBuildFile; fileRef = FE5770A2260D45628A18EC2F /* Screenshot.m */; };
		8A08CF5CB39340758776EDE7 /* CDVSplashScreen.m in Sources */ = {isa = PBXBuildFile; fileRef = 8CE46D26DE624B4990A2EBD9 /* CDVSplashScreen.m */; };
		8CC3AA2FD918489AA1A42628 /* CDVWKWebViewUIDelegate.m in Sources */ = {isa = PBXBuildFile; fileRef = D9555E375B074442AF722267 /* CDVWKWebViewUIDelegate.m */; };
		8F2014D5E3954AAE98BA3E60 /* AVFoundation.framework in Frameworks */ = {isa = PBXBuildFile; fileRef = 73D14CAB4D7B4E1EB4C7D414 /* AVFoundation.framework */; };
		95789B7D356749D89B82F042 /* CDVKeyboard.m in Sources */ = {isa = PBXBuildFile; fileRef = 310DD572AC374F0A85210F1A /* CDVKeyboard.m */; };
		9807CD138048460A9B6118CB /* CDVWKWebViewEngine.m in Sources */ = {isa = PBXBuildFile; fileRef = 8BB4A953AEB848E2ADED4652 /* CDVWKWebViewEngine.m */; };
		A35FEFE3C6E54039965439B4 /* CDVDecimalKeyboard.m in Sources */ = {isa = PBXBuildFile; fileRef = A428DD151E6B49B580617534 /* CDVDecimalKeyboard.m */; };
		A4F2C2391A70491284876A0F /* CDVStatusBar.m in Sources */ = {isa = PBXBuildFile; fileRef = 63B8E71BFE0E459D958F3181 /* CDVStatusBar.m */; };
		A5986D4302B94F8898BD43CB /* NSString+SSURLEncoding.m in Sources */ = {isa = PBXBuildFile; fileRef = B0962D5F2B47467899BD817F /* NSString+SSURLEncoding.m */; };
		AB5689BF4ACC40CCB5D3AC32 /* CDVDevice.m in Sources */ = {isa = PBXBuildFile; fileRef = 4CCA3639D7C748C8AC0789BB /* CDVDevice.m */; };
		ADE466DA68C540179FA16445 /* PushPlugin.m in Sources */ = {isa = PBXBuildFile; fileRef = 71AFCFC5A4F34A72AB7DE219 /* PushPlugin.m */; };
		B1175A6987194FEE9B177A88 /* ExitApp.m in Sources */ = {isa = PBXBuildFile; fileRef = FC4248606D3E48A49553BCB9 /* ExitApp.m */; };
		C655F6C372B045EA823BE77E /* CDVWKProcessPoolFactory.m in Sources */ = {isa = PBXBuildFile; fileRef = 267311E373554442956E6A6A /* CDVWKProcessPoolFactory.m */; };
		C7D0D41A4BD449CF98B7895E /* Social.framework in Frameworks */ = {isa = PBXBuildFile; fileRef = FAC4A10C0B244419B7D62384 /* Social.framework */; settings = {ATTRIBUTES = (Weak, ); }; };
		C9E7BDD50C1D4688B62FC7B0 /* CDVViewController+SplashScreen.m in Sources */ = {isa = PBXBuildFile; fileRef = DD1B86F3F92849CCAA62B8F8 /* CDVViewController+SplashScreen.m */; };
		D80B37659F5F4D429ECA95A9 /* SocialSharing.m in Sources */ = {isa = PBXBuildFile; fileRef = BF8C3AB7AEE545F9996C209C /* SocialSharing.m */; };
		DA1814A94507445BA80DDEB9 /* ImageIO.framework in Frameworks */ = {isa = PBXBuildFile; fileRef = 89F13536A28247D5BE054E6A /* ImageIO.framework */; settings = {ATTRIBUTES = (Weak, ); }; };
		E3E7D99A0E0B4DC5963F429B /* SafariServices.framework in Frameworks */ = {isa = PBXBuildFile; fileRef = 5D3B3358EEE6431F9086EED7 /* SafariServices.framework */; settings = {ATTRIBUTES = (Weak, ); }; };
		F8EE9CE926BC4C858176F399 /* CDVFile.m in Sources */ = {isa = PBXBuildFile; fileRef = 56A2C89872BA47FF9520AE19 /* CDVFile.m */; };
/* End PBXBuildFile section */

/* Begin PBXContainerItemProxy section */
		301BF534109A57CC0062928A /* PBXContainerItemProxy */ = {
			isa = PBXContainerItemProxy;
			containerPortal = 301BF52D109A57CC0062928A /* CordovaLib.xcodeproj */;
			proxyType = 2;
			remoteGlobalIDString = D2AAC07E0554694100DB518D;
			remoteInfo = CordovaLib;
		};
		301BF550109A68C00062928A /* PBXContainerItemProxy */ = {
			isa = PBXContainerItemProxy;
			containerPortal = 301BF52D109A57CC0062928A /* CordovaLib.xcodeproj */;
			proxyType = 1;
			remoteGlobalIDString = D2AAC07D0554694100DB518D;
			remoteInfo = CordovaLib;
		};
		907D8123214C687600058A10 /* PBXContainerItemProxy */ = {
			isa = PBXContainerItemProxy;
			containerPortal = 301BF52D109A57CC0062928A /* CordovaLib.xcodeproj */;
			proxyType = 2;
			remoteGlobalIDString = C0C01EB21E3911D50056E6CB;
			remoteInfo = Cordova;
		};
/* End PBXContainerItemProxy section */

/* Begin PBXFileReference section */
		01F16BB255C24BF7BF10679E /* CDVDevice.h */ = {isa = PBXFileReference; explicitFileType = undefined; fileEncoding = 4; includeInIndex = 0; lastKnownFileType = sourcecode.c.h; name = CDVDevice.h; path = "cordova-plugin-device/CDVDevice.h"; sourceTree = "<group>"; };
		0207DA571B56EA530066E2B4 /* Images.xcassets */ = {isa = PBXFileReference; lastKnownFileType = folder.assetcatalog; name = Images.xcassets; path = "Sime Darby Community/Images.xcassets"; sourceTree = SOURCE_ROOT; };
		03D6C2BA7F11490EA5E76BA9 /* ExitApp.h */ = {isa = PBXFileReference; explicitFileType = undefined; fileEncoding = 4; includeInIndex = 0; lastKnownFileType = sourcecode.c.h; name = ExitApp.h; path = "cordova-plugin-app-exit/ExitApp/ExitApp.h"; sourceTree = "<group>"; };
		0D064D87E3474128B7F40CB0 /* CDVViewController+SplashScreen.h */ = {isa = PBXFileReference; explicitFileType = undefined; fileEncoding = 4; includeInIndex = 0; lastKnownFileType = sourcecode.c.h; name = "CDVViewController+SplashScreen.h"; path = "cordova-plugin-splashscreen/CDVViewController+SplashScreen.h"; sourceTree = "<group>"; };
		12E220FF6A17421CBDE32DF4 /* SafariViewController.m */ = {isa = PBXFileReference; explicitFileType = undefined; fileEncoding = 4; includeInIndex = 0; lastKnownFileType = sourcecode.c.objc; name = SafariViewController.m; path = "cordova-plugin-safariviewcontroller/SafariViewController.m"; sourceTree = "<group>"; };
		1520E65B29997D3F7A9D95DD /* libPods-Sime Darby Community.a */ = {isa = PBXFileReference; explicitFileType = archive.ar; includeInIndex = 0; path = "libPods-Sime Darby Community.a"; sourceTree = BUILT_PRODUCTS_DIR; };
		164BC543E4DE426A8B570F91 /* UIImage+CropScaleOrientation.h */ = {isa = PBXFileReference; explicitFileType = undefined; fileEncoding = 4; includeInIndex = 0; lastKnownFileType = sourcecode.c.h; name = "UIImage+CropScaleOrientation.h"; path = "cordova-plugin-camera/UIImage+CropScaleOrientation.h"; sourceTree = "<group>"; };
		1C4DBDA2525E4A0EA0BEE1D5 /* CDVExif.h */ = {isa = PBXFileReference; explicitFileType = undefined; fileEncoding = 4; includeInIndex = 0; lastKnownFileType = sourcecode.c.h; name = CDVExif.h; path = "cordova-plugin-camera/CDVExif.h"; sourceTree = "<group>"; };
		1D3623240D0F684500981E51 /* AppDelegate.h */ = {isa = PBXFileReference; fileEncoding = 4; lastKnownFileType = sourcecode.c.h; path = AppDelegate.h; sourceTree = "<group>"; };
		1D3623250D0F684500981E51 /* AppDelegate.m */ = {isa = PBXFileReference; fileEncoding = 4; lastKnownFileType = sourcecode.c.objc; path = AppDelegate.m; sourceTree = "<group>"; };
		1D6058910D05DD3D006BFB54 /* Sime Darby Community.app */ = {isa = PBXFileReference; explicitFileType = wrapper.application; includeInIndex = 0; path = "Sime Darby Community.app"; sourceTree = BUILT_PRODUCTS_DIR; };
		1EFA2DEC8C1741CA9F4030E6 /* CDVContactsPhoneNumbers.h */ = {isa = PBXFileReference; explicitFileType = undefined; fileEncoding = 4; includeInIndex = 0; lastKnownFileType = sourcecode.c.h; name = CDVContactsPhoneNumbers.h; path = "cordova-plugin-contacts-phonenumbers/CDVContactsPhoneNumbers.h"; sourceTree = "<group>"; };
		1F0E6B1DAB974967AFE7CBD5 /* MessageUI.framework */ = {isa = PBXFileReference; explicitFileType = undefined; fileEncoding = 9; includeInIndex = 0; lastKnownFileType = wrapper.framework; name = MessageUI.framework; path = System/Library/Frameworks/MessageUI.framework; sourceTree = SDKROOT; };
		23AE3704646D49CD81C4948A /* AppDelegate+notification.m */ = {isa = PBXFileReference; explicitFileType = undefined; fileEncoding = 4; includeInIndex = 0; lastKnownFileType = sourcecode.c.objc; name = "AppDelegate+notification.m"; path = "phonegap-plugin-push/AppDelegate+notification.m"; sourceTree = "<group>"; };
		25E6B0C911CC4210968E5A67 /* CDVDecimalKeyboard.h */ = {isa = PBXFileReference; explicitFileType = undefined; fileEncoding = 4; includeInIndex = 0; lastKnownFileType = sourcecode.c.h; name = CDVDecimalKeyboard.h; path = "cordova-plugin-decimal-keyboard/CDVDecimalKeyboard.h"; sourceTree = "<group>"; };
		267311E373554442956E6A6A /* CDVWKProcessPoolFactory.m */ = {isa = PBXFileReference; explicitFileType = undefined; fileEncoding = 4; includeInIndex = 0; lastKnownFileType = sourcecode.c.objc; name = CDVWKProcessPoolFactory.m; path = "cordova-plugin-wkwebview-engine/CDVWKProcessPoolFactory.m"; sourceTree = "<group>"; };
		290358046E4249268D23F1A8 /* CDVCamera.h */ = {isa = PBXFileReference; explicitFileType = undefined; fileEncoding = 4; includeInIndex = 0; lastKnownFileType = sourcecode.c.h; name = CDVCamera.h; path = "cordova-plugin-camera/CDVCamera.h"; sourceTree = "<group>"; };
		29B97316FDCFA39411CA2CEA /* main.m */ = {isa = PBXFileReference; fileEncoding = 4; lastKnownFileType = sourcecode.c.objc; path = main.m; sourceTree = "<group>"; };
		2C36EB2D9AA54CDCB1E5688E /* SocialSharing.h */ = {isa = PBXFileReference; explicitFileType = undefined; fileEncoding = 4; includeInIndex = 0; lastKnownFileType = sourcecode.c.h; name = SocialSharing.h; path = "cordova-plugin-x-socialsharing/SocialSharing.h"; sourceTree = "<group>"; };
		2D64BC517CC848E09F90F851 /* CDVVibration.h */ = {isa = PBXFileReference; explicitFileType = undefined; fileEncoding = 4; includeInIndex = 0; lastKnownFileType = sourcecode.c.h; name = CDVVibration.h; path = "cordova-plugin-vibration/CDVVibration.h"; sourceTree = "<group>"; };
		2F8C189EF1204835906C66FF /* CDVWKProcessPoolFactory.h */ = {isa = PBXFileReference; explicitFileType = undefined; fileEncoding = 4; includeInIndex = 0; lastKnownFileType = sourcecode.c.h; name = CDVWKProcessPoolFactory.h; path = "cordova-plugin-wkwebview-engine/CDVWKProcessPoolFactory.h"; sourceTree = "<group>"; };
		301BF52D109A57CC0062928A /* CordovaLib.xcodeproj */ = {isa = PBXFileReference; lastKnownFileType = "wrapper.pb-project"; name = CordovaLib.xcodeproj; path = CordovaLib/CordovaLib.xcodeproj; sourceTree = "<group>"; };
		301BF56E109A69640062928A /* www */ = {isa = PBXFileReference; lastKnownFileType = folder; path = www; sourceTree = SOURCE_ROOT; };
		302D95EE14D2391D003F00A1 /* MainViewController.h */ = {isa = PBXFileReference; fileEncoding = 4; lastKnownFileType = sourcecode.c.h; path = MainViewController.h; sourceTree = "<group>"; };
		302D95EF14D2391D003F00A1 /* MainViewController.m */ = {isa = PBXFileReference; fileEncoding = 4; lastKnownFileType = sourcecode.c.objc; path = MainViewController.m; sourceTree = "<group>"; };
		302D95F014D2391D003F00A1 /* MainViewController.xib */ = {isa = PBXFileReference; fileEncoding = 4; lastKnownFileType = file.xib; path = MainViewController.xib; sourceTree = "<group>"; };
		3047A50F1AB8059700498E2A /* build-debug.xcconfig */ = {isa = PBXFileReference; fileEncoding = 4; lastKnownFileType = text.xcconfig; name = "build-debug.xcconfig"; path = "cordova/build-debug.xcconfig"; sourceTree = SOURCE_ROOT; };
		3047A5101AB8059700498E2A /* build-release.xcconfig */ = {isa = PBXFileReference; fileEncoding = 4; lastKnownFileType = text.xcconfig; name = "build-release.xcconfig"; path = "cordova/build-release.xcconfig"; sourceTree = SOURCE_ROOT; };
		3047A5111AB8059700498E2A /* build.xcconfig */ = {isa = PBXFileReference; fileEncoding = 4; lastKnownFileType = text.xcconfig; name = build.xcconfig; path = cordova/build.xcconfig; sourceTree = SOURCE_ROOT; };
		308086CFDD0F40B5B6D11B20 /* AddressBookUI.framework */ = {isa = PBXFileReference; explicitFileType = undefined; fileEncoding = 9; includeInIndex = 0; lastKnownFileType = wrapper.framework; name = AddressBookUI.framework; path = System/Library/Frameworks/AddressBookUI.framework; sourceTree = SDKROOT; };
		310DD572AC374F0A85210F1A /* CDVKeyboard.m */ = {isa = PBXFileReference; explicitFileType = undefined; fileEncoding = 4; includeInIndex = 0; lastKnownFileType = sourcecode.c.objc; name = CDVKeyboard.m; path = "cordova-plugin-keyboard/CDVKeyboard.m"; sourceTree = "<group>"; };
		3221C0CF01F94173B52856BF /* PushKit.framework */ = {isa = PBXFileReference; explicitFileType = undefined; fileEncoding = 9; includeInIndex = 0; lastKnownFileType = wrapper.framework; name = PushKit.framework; path = System/Library/Frameworks/PushKit.framework; sourceTree = SDKROOT; };
		32CA4F630368D1EE00C91783 /* Sime Darby Community-Prefix.pch */ = {isa = PBXFileReference; fileEncoding = 4; lastKnownFileType = sourcecode.c.h; path = "Sime Darby Community-Prefix.pch"; sourceTree = "<group>"; };
		3A93D08EC5D2455FB16DC905 /* CDVStatusBar.h */ = {isa = PBXFileReference; explicitFileType = undefined; fileEncoding = 4; includeInIndex = 0; lastKnownFileType = sourcecode.c.h; name = CDVStatusBar.h; path = "cordova-plugin-statusbar/CDVStatusBar.h"; sourceTree = "<group>"; };
		4248F4B845A7405FAE5EB823 /* UIImage+CropScaleOrientation.m */ = {isa = PBXFileReference; explicitFileType = undefined; fileEncoding = 4; includeInIndex = 0; lastKnownFileType = sourcecode.c.objc; name = "UIImage+CropScaleOrientation.m"; path = "cordova-plugin-camera/UIImage+CropScaleOrientation.m"; sourceTree = "<group>"; };
		491142A2E470408883FC728C /* NSString+SSURLEncoding.h */ = {isa = PBXFileReference; explicitFileType = undefined; fileEncoding = 4; includeInIndex = 0; lastKnownFileType = sourcecode.c.h; name = "NSString+SSURLEncoding.h"; path = "cordova-plugin-x-socialsharing/NSString+SSURLEncoding.h"; sourceTree = "<group>"; };
		4CCA3639D7C748C8AC0789BB /* CDVDevice.m */ = {isa = PBXFileReference; explicitFileType = undefined; fileEncoding = 4; includeInIndex = 0; lastKnownFileType = sourcecode.c.objc; name = CDVDevice.m; path = "cordova-plugin-device/CDVDevice.m"; sourceTree = "<group>"; };
		542110B563A041A1A191402C /* CDVWKWebViewEngine.h */ = {isa = PBXFileReference; explicitFileType = undefined; fileEncoding = 4; includeInIndex = 0; lastKnownFileType = sourcecode.c.h; name = CDVWKWebViewEngine.h; path = "cordova-plugin-wkwebview-engine/CDVWKWebViewEngine.h"; sourceTree = "<group>"; };
		56A2C89872BA47FF9520AE19 /* CDVFile.m */ = {isa = PBXFileReference; explicitFileType = undefined; fileEncoding = 4; includeInIndex = 0; lastKnownFileType = sourcecode.c.objc; name = CDVFile.m; path = "cordova-plugin-file/CDVFile.m"; sourceTree = "<group>"; };
		57D7807985FF49DF9AD40482 /* CDVLocalFilesystem.h */ = {isa = PBXFileReference; explicitFileType = undefined; fileEncoding = 4; includeInIndex = 0; lastKnownFileType = sourcecode.c.h; name = CDVLocalFilesystem.h; path = "cordova-plugin-file/CDVLocalFilesystem.h"; sourceTree = "<group>"; };
		5D3B3358EEE6431F9086EED7 /* SafariServices.framework */ = {isa = PBXFileReference; explicitFileType = undefined; fileEncoding = 9; includeInIndex = 0; lastKnownFileType = wrapper.framework; name = SafariServices.framework; path = System/Library/Frameworks/SafariServices.framework; sourceTree = SDKROOT; };
		5EA201E3C37A453885BCDF4E /* CDVJpegHeaderWriter.m */ = {isa = PBXFileReference; explicitFileType = undefined; fileEncoding = 4; includeInIndex = 0; lastKnownFileType = sourcecode.c.objc; name = CDVJpegHeaderWriter.m; path = "cordova-plugin-camera/CDVJpegHeaderWriter.m"; sourceTree = "<group>"; };
		63122BEBCECD42279DBCA600 /* PushPlugin.h */ = {isa = PBXFileReference; explicitFileType = undefined; fileEncoding = 4; includeInIndex = 0; lastKnownFileType = sourcecode.c.h; name = PushPlugin.h; path = "phonegap-plugin-push/PushPlugin.h"; sourceTree = "<group>"; };
		63B8E71BFE0E459D958F3181 /* CDVStatusBar.m */ = {isa = PBXFileReference; explicitFileType = undefined; fileEncoding = 4; includeInIndex = 0; lastKnownFileType = sourcecode.c.objc; name = CDVStatusBar.m; path = "cordova-plugin-statusbar/CDVStatusBar.m"; sourceTree = "<group>"; };
		6AFF5BF81D6E424B00AB3073 /* CDVLaunchScreen.storyboard */ = {isa = PBXFileReference; fileEncoding = 4; lastKnownFileType = file.storyboard; name = CDVLaunchScreen.storyboard; path = "Sime Darby Community/CDVLaunchScreen.storyboard"; sourceTree = SOURCE_ROOT; };
		6C0D96D827B4F507007385EC /* GoogleService-Info.plist */ = {isa = PBXFileReference; lastKnownFileType = text.plist.xml; path = "GoogleService-Info.plist"; sourceTree = "<group>"; };
		6C1FEF21C2A44A5FAB115C89 /* AudioToolbox.framework */ = {isa = PBXFileReference; explicitFileType = undefined; fileEncoding = 9; includeInIndex = 0; lastKnownFileType = wrapper.framework; name = AudioToolbox.framework; path = System/Library/Frameworks/AudioToolbox.framework; sourceTree = SDKROOT; };
		7139B8CA7BD94CD79E3322A8 /* CDVJpegHeaderWriter.h */ = {isa = PBXFileReference; explicitFileType = undefined; fileEncoding = 4; includeInIndex = 0; lastKnownFileType = sourcecode.c.h; name = CDVJpegHeaderWriter.h; path = "cordova-plugin-camera/CDVJpegHeaderWriter.h"; sourceTree = "<group>"; };
		71AFCFC5A4F34A72AB7DE219 /* PushPlugin.m */ = {isa = PBXFileReference; explicitFileType = undefined; fileEncoding = 4; includeInIndex = 0; lastKnownFileType = sourcecode.c.objc; name = PushPlugin.m; path = "phonegap-plugin-push/PushPlugin.m"; sourceTree = "<group>"; };
		73D14CAB4D7B4E1EB4C7D414 /* AVFoundation.framework */ = {isa = PBXFileReference; explicitFileType = undefined; fileEncoding = 9; includeInIndex = 0; lastKnownFileType = wrapper.framework; name = AVFoundation.framework; path = System/Library/Frameworks/AVFoundation.framework; sourceTree = SDKROOT; };
		7C996499B9E64922BB356743 /* CDVSplashScreen.h */ = {isa = PBXFileReference; explicitFileType = undefined; fileEncoding = 4; includeInIndex = 0; lastKnownFileType = sourcecode.c.h; name = CDVSplashScreen.h; path = "cordova-plugin-splashscreen/CDVSplashScreen.h"; sourceTree = "<group>"; };
		82492C56974A443DBECC7DC3 /* GoogleService-Info.plist */ = {isa = PBXFileReference; explicitFileType = undefined; fileEncoding = 4; includeInIndex = 0; lastKnownFileType = text.plist.xml; path = "GoogleService-Info.plist"; sourceTree = "<group>"; };
		88FDECDB685A4350B2D4CCAD /* SafariViewController.h */ = {isa = PBXFileReference; explicitFileType = undefined; fileEncoding = 4; includeInIndex = 0; lastKnownFileType = sourcecode.c.h; name = SafariViewController.h; path = "cordova-plugin-safariviewcontroller/SafariViewController.h"; sourceTree = "<group>"; };
		89F13536A28247D5BE054E6A /* ImageIO.framework */ = {isa = PBXFileReference; explicitFileType = undefined; fileEncoding = 9; includeInIndex = 0; lastKnownFileType = wrapper.framework; name = ImageIO.framework; path = System/Library/Frameworks/ImageIO.framework; sourceTree = SDKROOT; };
		8BB4A953AEB848E2ADED4652 /* CDVWKWebViewEngine.m */ = {isa = PBXFileReference; explicitFileType = undefined; fileEncoding = 4; includeInIndex = 0; lastKnownFileType = sourcecode.c.objc; name = CDVWKWebViewEngine.m; path = "cordova-plugin-wkwebview-engine/CDVWKWebViewEngine.m"; sourceTree = "<group>"; };
		8CE46D26DE624B4990A2EBD9 /* CDVSplashScreen.m */ = {isa = PBXFileReference; explicitFileType = undefined; fileEncoding = 4; includeInIndex = 0; lastKnownFileType = sourcecode.c.objc; name = CDVSplashScreen.m; path = "cordova-plugin-splashscreen/CDVSplashScreen.m"; sourceTree = "<group>"; };
		8D1107310486CEB800E47090 /* Sime Darby Community-Info.plist */ = {isa = PBXFileReference; fileEncoding = 4; lastKnownFileType = text.plist.xml; name = "Sime Darby Community-Info.plist"; path = "Sime Darby Community/Sime Darby Community-Info.plist"; plistStructureDefinitionIdentifier = "com.apple.xcode.plist.structure-definition.iphone.info-plist"; sourceTree = SOURCE_ROOT; };
		8EEBCC61B20E479FB2EE1205 /* AppDelegate+notification.h */ = {isa = PBXFileReference; explicitFileType = undefined; fileEncoding = 4; includeInIndex = 0; lastKnownFileType = sourcecode.c.h; name = "AppDelegate+notification.h"; path = "phonegap-plugin-push/AppDelegate+notification.h"; sourceTree = "<group>"; };
		930ADD47FF3E4E3887717B69 /* CDVInAppBrowser.h */ = {isa = PBXFileReference; explicitFileType = undefined; fileEncoding = 4; includeInIndex = 0; lastKnownFileType = sourcecode.c.h; name = CDVInAppBrowser.h; path = "cordova-plugin-inappbrowser/CDVInAppBrowser.h"; sourceTree = "<group>"; };
		93E3C18272ED4590A27384FD /* CDVSound.m */ = {isa = PBXFileReference; explicitFileType = undefined; fileEncoding = 4; includeInIndex = 0; lastKnownFileType = sourcecode.c.objc; name = CDVSound.m; path = "cordova-plugin-media/CDVSound.m"; sourceTree = "<group>"; };
		940A77FDF554461AAE5A95A9 /* CDVKeyboard.h */ = {isa = PBXFileReference; explicitFileType = undefined; fileEncoding = 4; includeInIndex = 0; lastKnownFileType = sourcecode.c.h; name = CDVKeyboard.h; path = "cordova-plugin-keyboard/CDVKeyboard.h"; sourceTree = "<group>"; };
		A428DD151E6B49B580617534 /* CDVDecimalKeyboard.m */ = {isa = PBXFileReference; explicitFileType = undefined; fileEncoding = 4; includeInIndex = 0; lastKnownFileType = sourcecode.c.objc; name = CDVDecimalKeyboard.m; path = "cordova-plugin-decimal-keyboard/CDVDecimalKeyboard.m"; sourceTree = "<group>"; };
		A5750564387E494095AAC678 /* CDVContactsPhoneNumbers.m */ = {isa = PBXFileReference; explicitFileType = undefined; fileEncoding = 4; includeInIndex = 0; lastKnownFileType = sourcecode.c.objc; name = CDVContactsPhoneNumbers.m; path = "cordova-plugin-contacts-phonenumbers/CDVContactsPhoneNumbers.m"; sourceTree = "<group>"; };
		A58F968269704AE6B110CB21 /* CDVVibration.m */ = {isa = PBXFileReference; explicitFileType = undefined; fileEncoding = 4; includeInIndex = 0; lastKnownFileType = sourcecode.c.objc; name = CDVVibration.m; path = "cordova-plugin-vibration/CDVVibration.m"; sourceTree = "<group>"; };
		AD6FD683EF4EA13D47B273DC /* Pods-Sime Darby Community.debug.xcconfig */ = {isa = PBXFileReference; includeInIndex = 1; lastKnownFileType = text.xcconfig; name = "Pods-Sime Darby Community.debug.xcconfig"; path = "Target Support Files/Pods-Sime Darby Community/Pods-Sime Darby Community.debug.xcconfig"; sourceTree = "<group>"; };
		B0962D5F2B47467899BD817F /* NSString+SSURLEncoding.m */ = {isa = PBXFileReference; explicitFileType = undefined; fileEncoding = 4; includeInIndex = 0; lastKnownFileType = sourcecode.c.objc; name = "NSString+SSURLEncoding.m"; path = "cordova-plugin-x-socialsharing/NSString+SSURLEncoding.m"; sourceTree = "<group>"; };
		B50D0B3B5D434E0A96AC9E74 /* CDVAssetLibraryFilesystem.m */ = {isa = PBXFileReference; explicitFileType = undefined; fileEncoding = 4; includeInIndex = 0; lastKnownFileType = sourcecode.c.objc; name = CDVAssetLibraryFilesystem.m; path = "cordova-plugin-file/CDVAssetLibraryFilesystem.m"; sourceTree = "<group>"; };
		B7F92F7C72E941B0945D1AE8 /* CDVSound.h */ = {isa = PBXFileReference; explicitFileType = undefined; fileEncoding = 4; includeInIndex = 0; lastKnownFileType = sourcecode.c.h; name = CDVSound.h; path = "cordova-plugin-media/CDVSound.h"; sourceTree = "<group>"; };
		BF8C3AB7AEE545F9996C209C /* SocialSharing.m */ = {isa = PBXFileReference; explicitFileType = undefined; fileEncoding = 4; includeInIndex = 0; lastKnownFileType = sourcecode.c.objc; name = SocialSharing.m; path = "cordova-plugin-x-socialsharing/SocialSharing.m"; sourceTree = "<group>"; };
		C1394664FEA84D9FABDF77E1 /* CoreLocation.framework */ = {isa = PBXFileReference; explicitFileType = undefined; fileEncoding = 9; includeInIndex = 0; lastKnownFileType = wrapper.framework; name = CoreLocation.framework; path = System/Library/Frameworks/CoreLocation.framework; sourceTree = SDKROOT; };
		C19D2891492C4AA9B5CA7361 /* CDVLocalFilesystem.m */ = {isa = PBXFileReference; explicitFileType = undefined; fileEncoding = 4; includeInIndex = 0; lastKnownFileType = sourcecode.c.objc; name = CDVLocalFilesystem.m; path = "cordova-plugin-file/CDVLocalFilesystem.m"; sourceTree = "<group>"; };
		C3BDCB2E222148E2A911EF30 /* CDVInAppBrowser.m */ = {isa = PBXFileReference; explicitFileType = undefined; fileEncoding = 4; includeInIndex = 0; lastKnownFileType = sourcecode.c.objc; name = CDVInAppBrowser.m; path = "cordova-plugin-inappbrowser/CDVInAppBrowser.m"; sourceTree = "<group>"; };
		C7BB0DD068DC4E50BCD6919B /* WebKit.framework */ = {isa = PBXFileReference; explicitFileType = undefined; fileEncoding = 9; includeInIndex = 0; lastKnownFileType = wrapper.framework; name = WebKit.framework; path = System/Library/Frameworks/WebKit.framework; sourceTree = SDKROOT; };
		CB55ADA5BD5F829928C1CE2B /* Pods-Sime Darby Community.release.xcconfig */ = {isa = PBXFileReference; includeInIndex = 1; lastKnownFileType = text.xcconfig; name = "Pods-Sime Darby Community.release.xcconfig"; path = "Target Support Files/Pods-Sime Darby Community/Pods-Sime Darby Community.release.xcconfig"; sourceTree = "<group>"; };
		D5BE0B89130E4EC98D01B573 /* CDVFile.h */ = {isa = PBXFileReference; explicitFileType = undefined; fileEncoding = 4; includeInIndex = 0; lastKnownFileType = sourcecode.c.h; name = CDVFile.h; path = "cordova-plugin-file/CDVFile.h"; sourceTree = "<group>"; };
		D9555E375B074442AF722267 /* CDVWKWebViewUIDelegate.m */ = {isa = PBXFileReference; explicitFileType = undefined; fileEncoding = 4; includeInIndex = 0; lastKnownFileType = sourcecode.c.objc; name = CDVWKWebViewUIDelegate.m; path = "cordova-plugin-wkwebview-engine/CDVWKWebViewUIDelegate.m"; sourceTree = "<group>"; };
		DD1B86F3F92849CCAA62B8F8 /* CDVViewController+SplashScreen.m */ = {isa = PBXFileReference; explicitFileType = undefined; fileEncoding = 4; includeInIndex = 0; lastKnownFileType = sourcecode.c.objc; name = "CDVViewController+SplashScreen.m"; path = "cordova-plugin-splashscreen/CDVViewController+SplashScreen.m"; sourceTree = "<group>"; };
		DEB131B7BC0847A9A6FDF2CF /* CDVWKWebViewUIDelegate.h */ = {isa = PBXFileReference; explicitFileType = undefined; fileEncoding = 4; includeInIndex = 0; lastKnownFileType = sourcecode.c.h; name = CDVWKWebViewUIDelegate.h; path = "cordova-plugin-wkwebview-engine/CDVWKWebViewUIDelegate.h"; sourceTree = "<group>"; };
		E12EEF6AC0344BA8B17CB32D /* CDVCamera.m */ = {isa = PBXFileReference; explicitFileType = undefined; fileEncoding = 4; includeInIndex = 0; lastKnownFileType = sourcecode.c.objc; name = CDVCamera.m; path = "cordova-plugin-camera/CDVCamera.m"; sourceTree = "<group>"; };
		E75F21ED35A8463AADC9538D /* AddressBook.framework */ = {isa = PBXFileReference; explicitFileType = undefined; fileEncoding = 9; includeInIndex = 0; lastKnownFileType = wrapper.framework; name = AddressBook.framework; path = System/Library/Frameworks/AddressBook.framework; sourceTree = SDKROOT; };
		EAB828AD31FB44A89B774A7B /* CDVAssetLibraryFilesystem.h */ = {isa = PBXFileReference; explicitFileType = undefined; fileEncoding = 4; includeInIndex = 0; lastKnownFileType = sourcecode.c.h; name = CDVAssetLibraryFilesystem.h; path = "cordova-plugin-file/CDVAssetLibraryFilesystem.h"; sourceTree = "<group>"; };
		EB87FDF31871DA8E0020F90C /* www */ = {isa = PBXFileReference; lastKnownFileType = folder; name = www; path = ../../www; sourceTree = "<group>"; };
		EB87FDF41871DAF40020F90C /* config.xml */ = {isa = PBXFileReference; lastKnownFileType = text.xml; name = config.xml; path = ../../config.xml; sourceTree = "<group>"; };
		ED33DF2A687741AEAF9F8254 /* Bridging-Header.h */ = {isa = PBXFileReference; fileEncoding = 4; lastKnownFileType = sourcecode.c.h; path = "Bridging-Header.h"; sourceTree = "<group>"; };
		F840E1F0165FE0F500CFE078 /* config.xml */ = {isa = PBXFileReference; lastKnownFileType = text.xml; name = config.xml; path = "Sime Darby Community/config.xml"; sourceTree = "<group>"; };
		F9A9853FF398405B929118B1 /* Screenshot.h */ = {isa = PBXFileReference; explicitFileType = undefined; fileEncoding = 4; includeInIndex = 0; lastKnownFileType = sourcecode.c.h; name = Screenshot.h; path = com.darktalker.cordova.screenshot/Screenshot.h; sourceTree = "<group>"; };
		FAC4A10C0B244419B7D62384 /* Social.framework */ = {isa = PBXFileReference; explicitFileType = undefined; fileEncoding = 9; includeInIndex = 0; lastKnownFileType = wrapper.framework; name = Social.framework; path = System/Library/Frameworks/Social.framework; sourceTree = SDKROOT; };
		FC4248606D3E48A49553BCB9 /* ExitApp.m */ = {isa = PBXFileReference; explicitFileType = undefined; fileEncoding = 4; includeInIndex = 0; lastKnownFileType = sourcecode.c.objc; name = ExitApp.m; path = "cordova-plugin-app-exit/ExitApp/ExitApp.m"; sourceTree = "<group>"; };
		FE5770A2260D45628A18EC2F /* Screenshot.m */ = {isa = PBXFileReference; explicitFileType = undefined; fileEncoding = 4; includeInIndex = 0; lastKnownFileType = sourcecode.c.objc; name = Screenshot.m; path = com.darktalker.cordova.screenshot/Screenshot.m; sourceTree = "<group>"; };
/* End PBXFileReference section */

/* Begin PBXFrameworksBuildPhase section */
		1D60588F0D05DD3D006BFB54 /* Frameworks */ = {
			isa = PBXFrameworksBuildPhase;
			buildActionMask = 2147483647;
			files = (
				301BF552109A68D80062928A /* libCordova.a in Frameworks */,
				DA1814A94507445BA80DDEB9 /* ImageIO.framework in Frameworks */,
				3DBDE095E9D447B48666358E /* CoreLocation.framework in Frameworks */,
				8F2014D5E3954AAE98BA3E60 /* AVFoundation.framework in Frameworks */,
				4EB642F6B1314BDB82243BFC /* AddressBook.framework in Frameworks */,
				4E8CEAA3903F4009A19E603D /* AddressBookUI.framework in Frameworks */,
				E3E7D99A0E0B4DC5963F429B /* SafariServices.framework in Frameworks */,
				15DE772706B4480AA5643A5E /* AudioToolbox.framework in Frameworks */,
				81D8B7F107B848DA900DC910 /* WebKit.framework in Frameworks */,
				C7D0D41A4BD449CF98B7895E /* Social.framework in Frameworks */,
				143D4A1B2A1D461E9318DAE5 /* MessageUI.framework in Frameworks */,
				4E15D2F340604989801459AC /* PushKit.framework in Frameworks */,
				37AAE0B7D99F3A42227E079D /* libPods-Sime Darby Community.a in Frameworks */,
			);
			runOnlyForDeploymentPostprocessing = 0;
		};
/* End PBXFrameworksBuildPhase section */

/* Begin PBXGroup section */
		080E96DDFE201D6D7F000001 /* Classes */ = {
			isa = PBXGroup;
			children = (
				302D95EE14D2391D003F00A1 /* MainViewController.h */,
				302D95EF14D2391D003F00A1 /* MainViewController.m */,
				302D95F014D2391D003F00A1 /* MainViewController.xib */,
				1D3623240D0F684500981E51 /* AppDelegate.h */,
				1D3623250D0F684500981E51 /* AppDelegate.m */,
			);
			name = Classes;
			path = "Sime Darby Community/Classes";
			sourceTree = SOURCE_ROOT;
		};
		19C28FACFE9D520D11CA2CBB /* Products */ = {
			isa = PBXGroup;
			children = (
				1D6058910D05DD3D006BFB54 /* Sime Darby Community.app */,
			);
			name = Products;
			sourceTree = "<group>";
		};
		29B97314FDCFA39411CA2CEA /* CustomTemplate */ = {
			isa = PBXGroup;
			children = (
				6C0D96D827B4F507007385EC /* GoogleService-Info.plist */,
				EB87FDF41871DAF40020F90C /* config.xml */,
				EB87FDF31871DA8E0020F90C /* www */,
				EB87FDF11871DA420020F90C /* Staging */,
				301BF52D109A57CC0062928A /* CordovaLib.xcodeproj */,
				080E96DDFE201D6D7F000001 /* Classes */,
				307C750510C5A3420062BCA9 /* Plugins */,
				29B97315FDCFA39411CA2CEA /* Other Sources */,
				29B97317FDCFA39411CA2CEA /* Resources */,
				29B97323FDCFA39411CA2CEA /* Frameworks */,
				19C28FACFE9D520D11CA2CBB /* Products */,
				D21004ECC2B915CEF16A5660 /* Pods */,
			);
			name = CustomTemplate;
			sourceTree = "<group>";
		};
		29B97315FDCFA39411CA2CEA /* Other Sources */ = {
			isa = PBXGroup;
			children = (
				32CA4F630368D1EE00C91783 /* Sime Darby Community-Prefix.pch */,
				29B97316FDCFA39411CA2CEA /* main.m */,
				ED33DF2A687741AEAF9F8254 /* Bridging-Header.h */,
			);
			name = "Other Sources";
			path = "Sime Darby Community";
			sourceTree = "<group>";
		};
		29B97317FDCFA39411CA2CEA /* Resources */ = {
			isa = PBXGroup;
			children = (
				0207DA571B56EA530066E2B4 /* Images.xcassets */,
				3047A50E1AB8057F00498E2A /* config */,
				8D1107310486CEB800E47090 /* Sime Darby Community-Info.plist */,
				6AFF5BF81D6E424B00AB3073 /* CDVLaunchScreen.storyboard */,
				82492C56974A443DBECC7DC3 /* GoogleService-Info.plist */,
			);
			name = Resources;
			path = "Sime Darby Community/Resources";
			sourceTree = "<group>";
		};
		29B97323FDCFA39411CA2CEA /* Frameworks */ = {
			isa = PBXGroup;
			children = (
				89F13536A28247D5BE054E6A /* ImageIO.framework */,
				C1394664FEA84D9FABDF77E1 /* CoreLocation.framework */,
				73D14CAB4D7B4E1EB4C7D414 /* AVFoundation.framework */,
				E75F21ED35A8463AADC9538D /* AddressBook.framework */,
				308086CFDD0F40B5B6D11B20 /* AddressBookUI.framework */,
				5D3B3358EEE6431F9086EED7 /* SafariServices.framework */,
				6C1FEF21C2A44A5FAB115C89 /* AudioToolbox.framework */,
				C7BB0DD068DC4E50BCD6919B /* WebKit.framework */,
				FAC4A10C0B244419B7D62384 /* Social.framework */,
				1F0E6B1DAB974967AFE7CBD5 /* MessageUI.framework */,
				3221C0CF01F94173B52856BF /* PushKit.framework */,
				1520E65B29997D3F7A9D95DD /* libPods-Sime Darby Community.a */,
			);
			name = Frameworks;
			sourceTree = "<group>";
		};
		301BF52E109A57CC0062928A /* Products */ = {
			isa = PBXGroup;
			children = (
				301BF535109A57CC0062928A /* libCordova.a */,
				907D8124214C687600058A10 /* Cordova.framework */,
			);
			name = Products;
			sourceTree = "<group>";
		};
		3047A50E1AB8057F00498E2A /* config */ = {
			isa = PBXGroup;
			children = (
				3047A50F1AB8059700498E2A /* build-debug.xcconfig */,
				3047A5101AB8059700498E2A /* build-release.xcconfig */,
				3047A5111AB8059700498E2A /* build.xcconfig */,
			);
			name = config;
			sourceTree = "<group>";
		};
		307C750510C5A3420062BCA9 /* Plugins */ = {
			isa = PBXGroup;
			children = (
				FE5770A2260D45628A18EC2F /* Screenshot.m */,
				F9A9853FF398405B929118B1 /* Screenshot.h */,
				4248F4B845A7405FAE5EB823 /* UIImage+CropScaleOrientation.m */,
				E12EEF6AC0344BA8B17CB32D /* CDVCamera.m */,
				5EA201E3C37A453885BCDF4E /* CDVJpegHeaderWriter.m */,
				164BC543E4DE426A8B570F91 /* UIImage+CropScaleOrientation.h */,
				290358046E4249268D23F1A8 /* CDVCamera.h */,
				7139B8CA7BD94CD79E3322A8 /* CDVJpegHeaderWriter.h */,
				1C4DBDA2525E4A0EA0BEE1D5 /* CDVExif.h */,
				A5750564387E494095AAC678 /* CDVContactsPhoneNumbers.m */,
				1EFA2DEC8C1741CA9F4030E6 /* CDVContactsPhoneNumbers.h */,
				A428DD151E6B49B580617534 /* CDVDecimalKeyboard.m */,
				25E6B0C911CC4210968E5A67 /* CDVDecimalKeyboard.h */,
				4CCA3639D7C748C8AC0789BB /* CDVDevice.m */,
				01F16BB255C24BF7BF10679E /* CDVDevice.h */,
				56A2C89872BA47FF9520AE19 /* CDVFile.m */,
				C19D2891492C4AA9B5CA7361 /* CDVLocalFilesystem.m */,
				B50D0B3B5D434E0A96AC9E74 /* CDVAssetLibraryFilesystem.m */,
				D5BE0B89130E4EC98D01B573 /* CDVFile.h */,
				57D7807985FF49DF9AD40482 /* CDVLocalFilesystem.h */,
				EAB828AD31FB44A89B774A7B /* CDVAssetLibraryFilesystem.h */,
				C3BDCB2E222148E2A911EF30 /* CDVInAppBrowser.m */,
				930ADD47FF3E4E3887717B69 /* CDVInAppBrowser.h */,
				310DD572AC374F0A85210F1A /* CDVKeyboard.m */,
				940A77FDF554461AAE5A95A9 /* CDVKeyboard.h */,
				93E3C18272ED4590A27384FD /* CDVSound.m */,
				B7F92F7C72E941B0945D1AE8 /* CDVSound.h */,
				12E220FF6A17421CBDE32DF4 /* SafariViewController.m */,
				88FDECDB685A4350B2D4CCAD /* SafariViewController.h */,
				8CE46D26DE624B4990A2EBD9 /* CDVSplashScreen.m */,
				DD1B86F3F92849CCAA62B8F8 /* CDVViewController+SplashScreen.m */,
				7C996499B9E64922BB356743 /* CDVSplashScreen.h */,
				0D064D87E3474128B7F40CB0 /* CDVViewController+SplashScreen.h */,
				63B8E71BFE0E459D958F3181 /* CDVStatusBar.m */,
				3A93D08EC5D2455FB16DC905 /* CDVStatusBar.h */,
				A58F968269704AE6B110CB21 /* CDVVibration.m */,
				2D64BC517CC848E09F90F851 /* CDVVibration.h */,
				8BB4A953AEB848E2ADED4652 /* CDVWKWebViewEngine.m */,
				D9555E375B074442AF722267 /* CDVWKWebViewUIDelegate.m */,
				267311E373554442956E6A6A /* CDVWKProcessPoolFactory.m */,
				542110B563A041A1A191402C /* CDVWKWebViewEngine.h */,
				DEB131B7BC0847A9A6FDF2CF /* CDVWKWebViewUIDelegate.h */,
				2F8C189EF1204835906C66FF /* CDVWKProcessPoolFactory.h */,
				B0962D5F2B47467899BD817F /* NSString+SSURLEncoding.m */,
				BF8C3AB7AEE545F9996C209C /* SocialSharing.m */,
				491142A2E470408883FC728C /* NSString+SSURLEncoding.h */,
				2C36EB2D9AA54CDCB1E5688E /* SocialSharing.h */,
				23AE3704646D49CD81C4948A /* AppDelegate+notification.m */,
				71AFCFC5A4F34A72AB7DE219 /* PushPlugin.m */,
				8EEBCC61B20E479FB2EE1205 /* AppDelegate+notification.h */,
				63122BEBCECD42279DBCA600 /* PushPlugin.h */,
				FC4248606D3E48A49553BCB9 /* ExitApp.m */,
				03D6C2BA7F11490EA5E76BA9 /* ExitApp.h */,
			);
			name = Plugins;
			path = "Sime Darby Community/Plugins";
			sourceTree = SOURCE_ROOT;
		};
		D21004ECC2B915CEF16A5660 /* Pods */ = {
			isa = PBXGroup;
			children = (
				AD6FD683EF4EA13D47B273DC /* Pods-Sime Darby Community.debug.xcconfig */,
				CB55ADA5BD5F829928C1CE2B /* Pods-Sime Darby Community.release.xcconfig */,
			);
			path = Pods;
			sourceTree = "<group>";
		};
		EB87FDF11871DA420020F90C /* Staging */ = {
			isa = PBXGroup;
			children = (
				F840E1F0165FE0F500CFE078 /* config.xml */,
				301BF56E109A69640062928A /* www */,
			);
			name = Staging;
			sourceTree = "<group>";
		};
/* End PBXGroup section */

/* Begin PBXNativeTarget section */
		1D6058900D05DD3D006BFB54 /* Sime Darby Community */ = {
			isa = PBXNativeTarget;
			buildConfigurationList = 1D6058960D05DD3E006BFB54 /* Build configuration list for PBXNativeTarget "Sime Darby Community" */;
			buildPhases = (
				7D50572B0410CFCE345273E6 /* [CP] Check Pods Manifest.lock */,
				304B58A110DAC018002A0835 /* Copy www directory */,
				1D60588D0D05DD3D006BFB54 /* Resources */,
				1D60588E0D05DD3D006BFB54 /* Sources */,
				1D60588F0D05DD3D006BFB54 /* Frameworks */,
			);
			buildRules = (
			);
			dependencies = (
				301BF551109A68C00062928A /* PBXTargetDependency */,
			);
			name = "Sime Darby Community";
			productName = "Sime Darby Community";
			productReference = 1D6058910D05DD3D006BFB54 /* Sime Darby Community.app */;
			productType = "com.apple.product-type.application";
		};
/* End PBXNativeTarget section */

/* Begin PBXProject section */
		29B97313FDCFA39411CA2CEA /* Project object */ = {
			isa = PBXProject;
			attributes = {
				LastUpgradeCheck = 1300;
				TargetAttributes = {
					1D6058900D05DD3D006BFB54 = {
						DevelopmentTeam = T8V4663L93;
						ProvisioningStyle = Automatic;
					};
				};
			};
			buildConfigurationList = C01FCF4E08A954540054247B /* Build configuration list for PBXProject "Sime Darby Community" */;
			compatibilityVersion = "Xcode 3.2";
			developmentRegion = en;
			hasScannedForEncodings = 1;
			knownRegions = (
				en,
				Base,
			);
			mainGroup = 29B97314FDCFA39411CA2CEA /* CustomTemplate */;
			productRefGroup = 19C28FACFE9D520D11CA2CBB /* Products */;
			projectDirPath = "";
			projectReferences = (
				{
					ProductGroup = 301BF52E109A57CC0062928A /* Products */;
					ProjectRef = 301BF52D109A57CC0062928A /* CordovaLib.xcodeproj */;
				},
			);
			projectRoot = "";
			targets = (
				1D6058900D05DD3D006BFB54 /* Sime Darby Community */,
			);
		};
/* End PBXProject section */

/* Begin PBXReferenceProxy section */
		301BF535109A57CC0062928A /* libCordova.a */ = {
			isa = PBXReferenceProxy;
			fileType = archive.ar;
			path = libCordova.a;
			remoteRef = 301BF534109A57CC0062928A /* PBXContainerItemProxy */;
			sourceTree = BUILT_PRODUCTS_DIR;
		};
		907D8124214C687600058A10 /* Cordova.framework */ = {
			isa = PBXReferenceProxy;
			fileType = wrapper.framework;
			path = Cordova.framework;
			remoteRef = 907D8123214C687600058A10 /* PBXContainerItemProxy */;
			sourceTree = BUILT_PRODUCTS_DIR;
		};
/* End PBXReferenceProxy section */

/* Begin PBXResourcesBuildPhase section */
		1D60588D0D05DD3D006BFB54 /* Resources */ = {
			isa = PBXResourcesBuildPhase;
			buildActionMask = 2147483647;
			files = (
				6C0D96D927B4F507007385EC /* GoogleService-Info.plist in Resources */,
				302D95F214D2391D003F00A1 /* MainViewController.xib in Resources */,
				0207DA581B56EA530066E2B4 /* Images.xcassets in Resources */,
				6AFF5BF91D6E424B00AB3073 /* CDVLaunchScreen.storyboard in Resources */,
			);
			runOnlyForDeploymentPostprocessing = 0;
		};
/* End PBXResourcesBuildPhase section */

/* Begin PBXShellScriptBuildPhase section */
		304B58A110DAC018002A0835 /* Copy www directory */ = {
			isa = PBXShellScriptBuildPhase;
			buildActionMask = 2147483647;
			files = (
			);
			inputPaths = (
			);
			name = "Copy www directory";
			outputPaths = (
			);
			runOnlyForDeploymentPostprocessing = 0;
			shellPath = /bin/sh;
			shellScript = "\"$SRCROOT/Sime Darby Community/Scripts/copy-www-build-step.sh\"";
			showEnvVarsInLog = 0;
		};
		7D50572B0410CFCE345273E6 /* [CP] Check Pods Manifest.lock */ = {
			isa = PBXShellScriptBuildPhase;
			buildActionMask = 2147483647;
			files = (
			);
			inputFileListPaths = (
			);
			inputPaths = (
				"${PODS_PODFILE_DIR_PATH}/Podfile.lock",
				"${PODS_ROOT}/Manifest.lock",
			);
			name = "[CP] Check Pods Manifest.lock";
			outputFileListPaths = (
			);
			outputPaths = (
				"$(DERIVED_FILE_DIR)/Pods-Sime Darby Community-checkManifestLockResult.txt",
			);
			runOnlyForDeploymentPostprocessing = 0;
			shellPath = /bin/sh;
			shellScript = "diff \"${PODS_PODFILE_DIR_PATH}/Podfile.lock\" \"${PODS_ROOT}/Manifest.lock\" > /dev/null\nif [ $? != 0 ] ; then\n    # print error to STDERR\n    echo \"error: The sandbox is not in sync with the Podfile.lock. Run 'pod install' or update your CocoaPods installation.\" >&2\n    exit 1\nfi\n# This output is used by Xcode 'outputs' to avoid re-running this script phase.\necho \"SUCCESS\" > \"${SCRIPT_OUTPUT_FILE_0}\"\n";
			showEnvVarsInLog = 0;
		};
/* End PBXShellScriptBuildPhase section */

/* Begin PBXSourcesBuildPhase section */
		1D60588E0D05DD3D006BFB54 /* Sources */ = {
			isa = PBXSourcesBuildPhase;
			buildActionMask = 2147483647;
			files = (
				1D60589B0D05DD56006BFB54 /* main.m in Sources */,
				1D3623260D0F684500981E51 /* AppDelegate.m in Sources */,
				302D95F114D2391D003F00A1 /* MainViewController.m in Sources */,
				887825CBE4054F2D864A1B0D /* Screenshot.m in Sources */,
				7BC11FD8FC2B4BDC8EB57C13 /* UIImage+CropScaleOrientation.m in Sources */,
				757A772B2B714715B6FF71E7 /* CDVCamera.m in Sources */,
				6D8EABBF238F418EA59B4A74 /* CDVJpegHeaderWriter.m in Sources */,
				6D051DF8D3E541128F0414CD /* CDVContactsPhoneNumbers.m in Sources */,
				A35FEFE3C6E54039965439B4 /* CDVDecimalKeyboard.m in Sources */,
				AB5689BF4ACC40CCB5D3AC32 /* CDVDevice.m in Sources */,
				F8EE9CE926BC4C858176F399 /* CDVFile.m in Sources */,
				4410F972D10944378C0DF620 /* CDVLocalFilesystem.m in Sources */,
				1A70FB9FFAC144DA88D80EF5 /* CDVAssetLibraryFilesystem.m in Sources */,
				87401E7567204FEBBF208A35 /* CDVInAppBrowser.m in Sources */,
				95789B7D356749D89B82F042 /* CDVKeyboard.m in Sources */,
				5E0944830601415DB9258FF1 /* CDVSound.m in Sources */,
				3FD0C8915E834215B096DFE1 /* SafariViewController.m in Sources */,
				8A08CF5CB39340758776EDE7 /* CDVSplashScreen.m in Sources */,
				C9E7BDD50C1D4688B62FC7B0 /* CDVViewController+SplashScreen.m in Sources */,
				A4F2C2391A70491284876A0F /* CDVStatusBar.m in Sources */,
				452A254B8F24429D982AE6C3 /* CDVVibration.m in Sources */,
				9807CD138048460A9B6118CB /* CDVWKWebViewEngine.m in Sources */,
				8CC3AA2FD918489AA1A42628 /* CDVWKWebViewUIDelegate.m in Sources */,
				C655F6C372B045EA823BE77E /* CDVWKProcessPoolFactory.m in Sources */,
				A5986D4302B94F8898BD43CB /* NSString+SSURLEncoding.m in Sources */,
				D80B37659F5F4D429ECA95A9 /* SocialSharing.m in Sources */,
				7E18CE550B504A9A9E0E8AAA /* AppDelegate+notification.m in Sources */,
				ADE466DA68C540179FA16445 /* PushPlugin.m in Sources */,
				B1175A6987194FEE9B177A88 /* ExitApp.m in Sources */,
			);
			runOnlyForDeploymentPostprocessing = 0;
		};
/* End PBXSourcesBuildPhase section */

/* Begin PBXTargetDependency section */
		301BF551109A68C00062928A /* PBXTargetDependency */ = {
			isa = PBXTargetDependency;
			name = CordovaLib;
			targetProxy = 301BF550109A68C00062928A /* PBXContainerItemProxy */;
		};
/* End PBXTargetDependency section */

/* Begin XCBuildConfiguration section */
		1D6058940D05DD3E006BFB54 /* Debug */ = {
			isa = XCBuildConfiguration;
			baseConfigurationReference = 3047A50F1AB8059700498E2A /* build-debug.xcconfig */;
			buildSettings = {
				ALWAYS_SEARCH_USER_PATHS = NO;
				ASSETCATALOG_COMPILER_APPICON_NAME = AppIcon;
				CLANG_ENABLE_MODULES = YES;
				CLANG_ENABLE_OBJC_ARC = YES;
				CODE_SIGN_IDENTITY = "Apple Development";
				CODE_SIGN_STYLE = Automatic;
				COPY_PHASE_STRIP = NO;
				CURRENT_PROJECT_VERSION = 3;
				DEVELOPMENT_TEAM = T8V4663L93;
				GCC_DYNAMIC_NO_PIC = NO;
				GCC_OPTIMIZATION_LEVEL = 0;
				GCC_PRECOMPILE_PREFIX_HEADER = YES;
				GCC_PREFIX_HEADER = "Sime Darby Community/Sime Darby Community-Prefix.pch";
				GCC_THUMB_SUPPORT = NO;
				GCC_VERSION = "";
				INFOPLIST_FILE = "Sime Darby Community/Sime Darby Community-Info.plist";
				IPHONEOS_DEPLOYMENT_TARGET = 12.0;
				LD_RUNPATH_SEARCH_PATHS = "@executable_path/Frameworks";
				PRODUCT_BUNDLE_IDENTIFIER = com.framework7.simedarbycommunity;
				PRODUCT_NAME = "$(TARGET_NAME)";
				PROVISIONING_PROFILE_SPECIFIER = "";
				TARGETED_DEVICE_FAMILY = "1,2";
			};
			name = Debug;
		};
		1D6058950D05DD3E006BFB54 /* Release */ = {
			isa = XCBuildConfiguration;
			baseConfigurationReference = 3047A5101AB8059700498E2A /* build-release.xcconfig */;
			buildSettings = {
				ALWAYS_SEARCH_USER_PATHS = NO;
				ASSETCATALOG_COMPILER_APPICON_NAME = AppIcon;
				CLANG_ENABLE_MODULES = YES;
				CLANG_ENABLE_OBJC_ARC = YES;
				CODE_SIGN_IDENTITY = "Apple Development";
				CODE_SIGN_STYLE = Automatic;
				COPY_PHASE_STRIP = YES;
				CURRENT_PROJECT_VERSION = 3;
				DEVELOPMENT_TEAM = "";
				GCC_PRECOMPILE_PREFIX_HEADER = YES;
				GCC_PREFIX_HEADER = "Sime Darby Community/Sime Darby Community-Prefix.pch";
				GCC_THUMB_SUPPORT = NO;
				GCC_VERSION = "";
				INFOPLIST_FILE = "Sime Darby Community/Sime Darby Community-Info.plist";
				IPHONEOS_DEPLOYMENT_TARGET = 12.0;
				LD_RUNPATH_SEARCH_PATHS = "@executable_path/Frameworks";
				PRODUCT_BUNDLE_IDENTIFIER = com.framework7.simedarbycommunity;
				PRODUCT_NAME = "$(TARGET_NAME)";
				PROVISIONING_PROFILE_SPECIFIER = "";
				TARGETED_DEVICE_FAMILY = "1,2";
			};
			name = Release;
		};
		C01FCF4F08A954540054247B /* Debug */ = {
			isa = XCBuildConfiguration;
			baseConfigurationReference = 3047A5111AB8059700498E2A /* build.xcconfig */;
			buildSettings = {
				CLANG_ENABLE_MODULES = YES;
				CLANG_ENABLE_OBJC_ARC = YES;
				CLANG_WARN_BLOCK_CAPTURE_AUTORELEASING = YES;
				CLANG_WARN_BOOL_CONVERSION = YES;
				CLANG_WARN_COMMA = YES;
				CLANG_WARN_CONSTANT_CONVERSION = YES;
				CLANG_WARN_DEPRECATED_OBJC_IMPLEMENTATIONS = YES;
				CLANG_WARN_EMPTY_BODY = YES;
				CLANG_WARN_ENUM_CONVERSION = YES;
				CLANG_WARN_INFINITE_RECURSION = YES;
				CLANG_WARN_INT_CONVERSION = YES;
				CLANG_WARN_NON_LITERAL_NULL_CONVERSION = YES;
				CLANG_WARN_OBJC_IMPLICIT_RETAIN_SELF = YES;
				CLANG_WARN_OBJC_LITERAL_CONVERSION = YES;
				CLANG_WARN_QUOTED_INCLUDE_IN_FRAMEWORK_HEADER = YES;
				CLANG_WARN_RANGE_LOOP_ANALYSIS = YES;
				CLANG_WARN_STRICT_PROTOTYPES = YES;
				CLANG_WARN_SUSPICIOUS_MOVE = YES;
				CLANG_WARN_UNREACHABLE_CODE = YES;
				CLANG_WARN__DUPLICATE_METHOD_MATCH = YES;
				ENABLE_STRICT_OBJC_MSGSEND = YES;
				ENABLE_TESTABILITY = YES;
				GCC_C_LANGUAGE_STANDARD = c99;
				GCC_NO_COMMON_BLOCKS = YES;
				GCC_THUMB_SUPPORT = NO;
				GCC_VERSION = "";
				GCC_WARN_64_TO_32_BIT_CONVERSION = YES;
				GCC_WARN_ABOUT_RETURN_TYPE = YES;
				GCC_WARN_UNDECLARED_SELECTOR = YES;
				GCC_WARN_UNINITIALIZED_AUTOS = YES;
				GCC_WARN_UNUSED_FUNCTION = YES;
				GCC_WARN_UNUSED_VARIABLE = YES;
				ONLY_ACTIVE_ARCH = YES;
				PRODUCT_BUNDLE_IDENTIFIER = com.framework7.simedarbycommunity;
				SDKROOT = iphoneos;
				SKIP_INSTALL = NO;
				WK_WEB_VIEW_ONLY = 0;
			};
			name = Debug;
		};
		C01FCF5008A954540054247B /* Release */ = {
			isa = XCBuildConfiguration;
			baseConfigurationReference = 3047A5111AB8059700498E2A /* build.xcconfig */;
			buildSettings = {
				CLANG_ENABLE_MODULES = YES;
				CLANG_ENABLE_OBJC_ARC = YES;
				CLANG_WARN_BLOCK_CAPTURE_AUTORELEASING = YES;
				CLANG_WARN_BOOL_CONVERSION = YES;
				CLANG_WARN_COMMA = YES;
				CLANG_WARN_CONSTANT_CONVERSION = YES;
				CLANG_WARN_DEPRECATED_OBJC_IMPLEMENTATIONS = YES;
				CLANG_WARN_EMPTY_BODY = YES;
				CLANG_WARN_ENUM_CONVERSION = YES;
				CLANG_WARN_INFINITE_RECURSION = YES;
				CLANG_WARN_INT_CONVERSION = YES;
				CLANG_WARN_NON_LITERAL_NULL_CONVERSION = YES;
				CLANG_WARN_OBJC_IMPLICIT_RETAIN_SELF = YES;
				CLANG_WARN_OBJC_LITERAL_CONVERSION = YES;
				CLANG_WARN_QUOTED_INCLUDE_IN_FRAMEWORK_HEADER = YES;
				CLANG_WARN_RANGE_LOOP_ANALYSIS = YES;
				CLANG_WARN_STRICT_PROTOTYPES = YES;
				CLANG_WARN_SUSPICIOUS_MOVE = YES;
				CLANG_WARN_UNREACHABLE_CODE = YES;
				CLANG_WARN__DUPLICATE_METHOD_MATCH = YES;
				ENABLE_STRICT_OBJC_MSGSEND = YES;
				GCC_C_LANGUAGE_STANDARD = c99;
				GCC_NO_COMMON_BLOCKS = YES;
				GCC_THUMB_SUPPORT = NO;
				GCC_VERSION = "";
				GCC_WARN_64_TO_32_BIT_CONVERSION = YES;
				GCC_WARN_ABOUT_RETURN_TYPE = YES;
				GCC_WARN_UNDECLARED_SELECTOR = YES;
				GCC_WARN_UNINITIALIZED_AUTOS = YES;
				GCC_WARN_UNUSED_FUNCTION = YES;
				GCC_WARN_UNUSED_VARIABLE = YES;
				PRODUCT_BUNDLE_IDENTIFIER = com.framework7.simedarbycommunity;
				SDKROOT = iphoneos;
				SKIP_INSTALL = NO;
				WK_WEB_VIEW_ONLY = 0;
			};
			name = Release;
		};
/* End XCBuildConfiguration section */

/* Begin XCConfigurationList section */
		1D6058960D05DD3E006BFB54 /* Build configuration list for PBXNativeTarget "Sime Darby Community" */ = {
			isa = XCConfigurationList;
			buildConfigurations = (
				1D6058940D05DD3E006BFB54 /* Debug */,
				1D6058950D05DD3E006BFB54 /* Release */,
			);
			defaultConfigurationIsVisible = 0;
			defaultConfigurationName = Release;
		};
		C01FCF4E08A954540054247B /* Build configuration list for PBXProject "Sime Darby Community" */ = {
			isa = XCConfigurationList;
			buildConfigurations = (
				C01FCF4F08A954540054247B /* Debug */,
				C01FCF5008A954540054247B /* Release */,
			);
			defaultConfigurationIsVisible = 0;
			defaultConfigurationName = Release;
		};
/* End XCConfigurationList section */
	};
	rootObject = 29B97313FDCFA39411CA2CEA /* Project object */;
}
